
Microsoft Visual Studio Solution File, Format Version 12.00
# Visual Studio Version 16
VisualStudioVersion = 16.0.30204.135
MinimumVisualStudioVersion = 10.0.40219.1
Project("{FAE04EC0-301F-11D3-BF4B-00C04F79EFBC}") = "SwissQRCode", "SwissQRCode.csproj", "{F0AF4623-C4AE-4E71-8854-D6547FB002C6}"
EndProject
Global
	GlobalSection(SolutionConfigurationPlatforms) = preSolution
		Debug|Any CPU = Debug|Any CPU
		Debug|x86 = Debug|x86
		Release|Any CPU = Release|Any CPU
		Release|x86 = Release|x86
	EndGlobalSection
	GlobalSection(ProjectConfigurationPlatforms) = postSolution
		{F0AF4623-C4AE-4E71-8854-D6547FB002C6}.Debug|Any CPU.ActiveCfg = Debug|Any CPU
		{F0AF4623-C4AE-4E71-8854-D6547FB002C6}.Debug|Any CPU.Build.0 = Debug|Any CPU
		{F0AF4623-C4AE-4E71-8854-D6547FB002C6}.Debug|x86.ActiveCfg = Debug|x86
		{F0AF4623-C4AE-4E71-8854-D6547FB002C6}.Debug|x86.Build.0 = Debug|x86
		{F0AF4623-C4AE-4E71-8854-D6547FB002C6}.Release|Any CPU.ActiveCfg = Release|Any CPU
		{F0AF4623-C4AE-4E71-8854-D6547FB002C6}.Release|Any CPU.Build.0 = Release|Any CPU
		{F0AF4623-C4AE-4E71-8854-D6547FB002C6}.Release|x86.ActiveCfg = Release|x86
		{F0AF4623-C4AE-4E71-8854-D6547FB002C6}.Release|x86.Build.0 = Release|x86
	EndGlobalSection
	GlobalSection(SolutionProperties) = preSolution
		HideSolutionNode = FALSE
	EndGlobalSection
	GlobalSection(ExtensibilityGlobals) = postSolution
		SolutionGuid = {22D6B6BF-14F7-4318-8B9B-98C2EF39F4F1}
	EndGlobalSection
EndGlobal
